
Microsoft Visual Studio Solution File, Format Version 12.00
# Visual Studio Version 16
VisualStudioVersion = 16.0.31005.135
MinimumVisualStudioVersion = 10.0.40219.1
Project("{FAE04EC0-301F-11D3-BF4B-00C04F79EFBC}") = "KampIntro", "KampIntro\KampIntro.csproj", "{DDF6AF4C-EDFF-4F03-B7BB-27FFCD8C4174}"
EndProject
Project("{FAE04EC0-301F-11D3-BF4B-00C04F79EFBC}") = "Döngüler", "Döngüler\Döngüler.csproj", "{A4E7FD04-5A46-4C3F-9594-69E8AFDED1D8}"
EndProject
Project("{FAE04EC0-301F-11D3-BF4B-00C04F79EFBC}") = "ClassIntro", "ClassIntro\ClassIntro.csproj", "{B86E8493-7423-45DF-9CE9-235393AA4668}"
EndProject
Project("{FAE04EC0-301F-11D3-BF4B-00C04F79EFBC}") = "Metotlar", "Metotlar\Metotlar.csproj", "{846E0A91-9F0A-4E8C-90FD-F4B21D062F6D}"
EndProject
Project("{FAE04EC0-301F-11D3-BF4B-00C04F79EFBC}") = "Matematik", "Matematik\Matematik.csproj", "{65E09642-3647-4437-8126-23521064DABD}"
EndProject
Project("{FAE04EC0-301F-11D3-BF4B-00C04F79EFBC}") = "DegerVeReferansTipler", "DegerVeReferansTipler\DegerVeReferansTipler.csproj", "{09311075-2702-4F67-8163-722121952EF4}"
EndProject
Project("{FAE04EC0-301F-11D3-BF4B-00C04F79EFBC}") = "OOP1", "OOP1\OOP1.csproj", "{BF18D04C-624E-40A1-AFA1-D2F7FF94B5C7}"
EndProject
Project("{FAE04EC0-301F-11D3-BF4B-00C04F79EFBC}") = "Koleksiyonlar", "Koleksiyonlar\Koleksiyonlar.csproj", "{079D4C67-297D-4DAA-BC5A-B672C39CE7F5}"
EndProject
Project("{FAE04EC0-301F-11D3-BF4B-00C04F79EFBC}") = "GenericsIntro", "GenericsIntro\GenericsIntro.csproj", "{973CFB3B-D0B8-4F04-914D-79458EEAB3ED}"
EndProject
Project("{FAE04EC0-301F-11D3-BF4B-00C04F79EFBC}") = "MyDictionary", "MyDictionary\MyDictionary.csproj", "{896C5302-A7EF-47F4-9421-BF8C749CA4B9}"
EndProject
Project("{FAE04EC0-301F-11D3-BF4B-00C04F79EFBC}") = "OOP2", "OOP2\OOP2.csproj", "{E9C5C157-45FF-49C1-AB46-896EDBAC101B}"
EndProject
Project("{FAE04EC0-301F-11D3-BF4B-00C04F79EFBC}") = "OOP3", "OOP3\OOP3.csproj", "{5BD7ABCB-78F5-4311-AB95-1E1CA6CFD4EB}"
EndProject
Global
	GlobalSection(SolutionConfigurationPlatforms) = preSolution
		Debug|Any CPU = Debug|Any CPU
		Release|Any CPU = Release|Any CPU
	EndGlobalSection
	GlobalSection(ProjectConfigurationPlatforms) = postSolution
		{DDF6AF4C-EDFF-4F03-B7BB-27FFCD8C4174}.Debug|Any CPU.ActiveCfg = Debug|Any CPU
		{DDF6AF4C-EDFF-4F03-B7BB-27FFCD8C4174}.Debug|Any CPU.Build.0 = Debug|Any CPU
		{DDF6AF4C-EDFF-4F03-B7BB-27FFCD8C4174}.Release|Any CPU.ActiveCfg = Release|Any CPU
		{DDF6AF4C-EDFF-4F03-B7BB-27FFCD8C4174}.Release|Any CPU.Build.0 = Release|Any CPU
		{A4E7FD04-5A46-4C3F-9594-69E8AFDED1D8}.Debug|Any CPU.ActiveCfg = Debug|Any CPU
		{A4E7FD04-5A46-4C3F-9594-69E8AFDED1D8}.Debug|Any CPU.Build.0 = Debug|Any CPU
		{A4E7FD04-5A46-4C3F-9594-69E8AFDED1D8}.Release|Any CPU.ActiveCfg = Release|Any CPU
		{A4E7FD04-5A46-4C3F-9594-69E8AFDED1D8}.Release|Any CPU.Build.0 = Release|Any CPU
		{B86E8493-7423-45DF-9CE9-235393AA4668}.Debug|Any CPU.ActiveCfg = Debug|Any CPU
		{B86E8493-7423-45DF-9CE9-235393AA4668}.Debug|Any CPU.Build.0 = Debug|Any CPU
		{B86E8493-7423-45DF-9CE9-235393AA4668}.Release|Any CPU.ActiveCfg = Release|Any CPU
		{B86E8493-7423-45DF-9CE9-235393AA4668}.Release|Any CPU.Build.0 = Release|Any CPU
		{846E0A91-9F0A-4E8C-90FD-F4B21D062F6D}.Debug|Any CPU.ActiveCfg = Debug|Any CPU
		{846E0A91-9F0A-4E8C-90FD-F4B21D062F6D}.Debug|Any CPU.Build.0 = Debug|Any CPU
		{846E0A91-9F0A-4E8C-90FD-F4B21D062F6D}.Release|Any CPU.ActiveCfg = Release|Any CPU
		{846E0A91-9F0A-4E8C-90FD-F4B21D062F6D}.Release|Any CPU.Build.0 = Release|Any CPU
		{65E09642-3647-4437-8126-23521064DABD}.Debug|Any CPU.ActiveCfg = Debug|Any CPU
		{65E09642-3647-4437-8126-23521064DABD}.Debug|Any CPU.Build.0 = Debug|Any CPU
		{65E09642-3647-4437-8126-23521064DABD}.Release|Any CPU.ActiveCfg = Release|Any CPU
		{65E09642-3647-4437-8126-23521064DABD}.Release|Any CPU.Build.0 = Release|Any CPU
		{09311075-2702-4F67-8163-722121952EF4}.Debug|Any CPU.ActiveCfg = Debug|Any CPU
		{09311075-2702-4F67-8163-722121952EF4}.Debug|Any CPU.Build.0 = Debug|Any CPU
		{09311075-2702-4F67-8163-722121952EF4}.Release|Any CPU.ActiveCfg = Release|Any CPU
		{09311075-2702-4F67-8163-722121952EF4}.Release|Any CPU.Build.0 = Release|Any CPU
		{BF18D04C-624E-40A1-AFA1-D2F7FF94B5C7}.Debug|Any CPU.ActiveCfg = Debug|Any CPU
		{BF18D04C-624E-40A1-AFA1-D2F7FF94B5C7}.Debug|Any CPU.Build.0 = Debug|Any CPU
		{BF18D04C-624E-40A1-AFA1-D2F7FF94B5C7}.Release|Any CPU.ActiveCfg = Release|Any CPU
		{BF18D04C-624E-40A1-AFA1-D2F7FF94B5C7}.Release|Any CPU.Build.0 = Release|Any CPU
		{079D4C67-297D-4DAA-BC5A-B672C39CE7F5}.Debug|Any CPU.ActiveCfg = Debug|Any CPU
		{079D4C67-297D-4DAA-BC5A-B672C39CE7F5}.Debug|Any CPU.Build.0 = Debug|Any CPU
		{079D4C67-297D-4DAA-BC5A-B672C39CE7F5}.Release|Any CPU.ActiveCfg = Release|Any CPU
		{079D4C67-297D-4DAA-BC5A-B672C39CE7F5}.Release|Any CPU.Build.0 = Release|Any CPU
		{973CFB3B-D0B8-4F04-914D-79458EEAB3ED}.Debug|Any CPU.ActiveCfg = Debug|Any CPU
		{973CFB3B-D0B8-4F04-914D-79458EEAB3ED}.Debug|Any CPU.Build.0 = Debug|Any CPU
		{973CFB3B-D0B8-4F04-914D-79458EEAB3ED}.Release|Any CPU.ActiveCfg = Release|Any CPU
		{973CFB3B-D0B8-4F04-914D-79458EEAB3ED}.Release|Any CPU.Build.0 = Release|Any CPU
		{896C5302-A7EF-47F4-9421-BF8C749CA4B9}.Debug|Any CPU.ActiveCfg = Debug|Any CPU
		{896C5302-A7EF-47F4-9421-BF8C749CA4B9}.Debug|Any CPU.Build.0 = Debug|Any CPU
		{896C5302-A7EF-47F4-9421-BF8C749CA4B9}.Release|Any CPU.ActiveCfg = Release|Any CPU
		{896C5302-A7EF-47F4-9421-BF8C749CA4B9}.Release|Any CPU.Build.0 = Release|Any CPU
		{E9C5C157-45FF-49C1-AB46-896EDBAC101B}.Debug|Any CPU.ActiveCfg = Debug|Any CPU
		{E9C5C157-45FF-49C1-AB46-896EDBAC101B}.Debug|Any CPU.Build.0 = Debug|Any CPU
		{E9C5C157-45FF-49C1-AB46-896EDBAC101B}.Release|Any CPU.ActiveCfg = Release|Any CPU
		{E9C5C157-45FF-49C1-AB46-896EDBAC101B}.Release|Any CPU.Build.0 = Release|Any CPU
		{5BD7ABCB-78F5-4311-AB95-1E1CA6CFD4EB}.Debug|Any CPU.ActiveCfg = Debug|Any CPU
		{5BD7ABCB-78F5-4311-AB95-1E1CA6CFD4EB}.Debug|Any CPU.Build.0 = Debug|Any CPU
		{5BD7ABCB-78F5-4311-AB95-1E1CA6CFD4EB}.Release|Any CPU.ActiveCfg = Release|Any CPU
		{5BD7ABCB-78F5-4311-AB95-1E1CA6CFD4EB}.Release|Any CPU.Build.0 = Release|Any CPU
	EndGlobalSection
	GlobalSection(SolutionProperties) = preSolution
		HideSolutionNode = FALSE
	EndGlobalSection
	GlobalSection(ExtensibilityGlobals) = postSolution
		SolutionGuid = {39EFF324-DE89-46EC-BAAB-6897610FDB5A}
	EndGlobalSection
EndGlobal
